
Microsoft Visual Studio Solution File, Format Version 12.00
# Visual Studio Version 16
VisualStudioVersion = 16.0.30128.74
MinimumVisualStudioVersion = 10.0.40219.1
Project("{FAE04EC0-301F-11D3-BF4B-00C04F79EFBC}") = "AddTwoNumbers", "AddTwoNumbers\AddTwoNumbers.csproj", "{AAA1DE20-B92A-4605-B36E-C35BA4C37684}"
EndProject
Global
	GlobalSection(SolutionConfigurationPlatforms) = preSolution
		Debug|Any CPU = Debug|Any CPU
		Release|Any CPU = Release|Any CPU
	EndGlobalSection
	GlobalSection(ProjectConfigurationPlatforms) = postSolution
		{AAA1DE20-B92A-4605-B36E-C35BA4C37684}.Debug|Any CPU.ActiveCfg = Debug|Any CPU
		{AAA1DE20-B92A-4605-B36E-C35BA4C37684}.Debug|Any CPU.Build.0 = Debug|Any CPU
		{AAA1DE20-B92A-4605-B36E-C35BA4C37684}.Release|Any CPU.ActiveCfg = Release|Any CPU
		{AAA1DE20-B92A-4605-B36E-C35BA4C37684}.Release|Any CPU.Build.0 = Release|Any CPU
	EndGlobalSection
	GlobalSection(SolutionProperties) = preSolution
		HideSolutionNode = FALSE
	EndGlobalSection
	GlobalSection(ExtensibilityGlobals) = postSolution
		SolutionGuid = {3CDF2F71-F315-4480-9961-9ABD4FE5F6DF}
	EndGlobalSection
EndGlobal
